
Microsoft Visual Studio Solution File, Format Version 11.00
# Visual Studio 2010
Project("{FAE04EC0-301F-11D3-BF4B-00C04F79EFBC}") = "AssetPrefabConverter20180213", "Assembly-CSharp-firstpass.csproj", "{AE9F7F63-6C2D-8BD8-D13A-D5506169CC74}"
EndProject
Project("{FAE04EC0-301F-11D3-BF4B-00C04F79EFBC}") = "AssetPrefabConverter20180213", "Assembly-CSharp.csproj", "{AC1CE497-5526-E516-8A5D-6790DA6BB368}"
EndProject
Project("{FAE04EC0-301F-11D3-BF4B-00C04F79EFBC}") = "AssetPrefabConverter20180213", "Assembly-CSharp-Editor.csproj", "{B3E23332-B6FC-99E1-E2CA-82D7519C7D6C}"
EndProject
Global
	GlobalSection(SolutionConfigurationPlatforms) = preSolution
		Debug|Any CPU = Debug|Any CPU
		Release|Any CPU = Release|Any CPU
	EndGlobalSection
	GlobalSection(ProjectConfigurationPlatforms) = postSolution
		{AE9F7F63-6C2D-8BD8-D13A-D5506169CC74}.Debug|Any CPU.ActiveCfg = Debug|Any CPU
		{AE9F7F63-6C2D-8BD8-D13A-D5506169CC74}.Debug|Any CPU.Build.0 = Debug|Any CPU
		{AE9F7F63-6C2D-8BD8-D13A-D5506169CC74}.Release|Any CPU.ActiveCfg = Release|Any CPU
		{AE9F7F63-6C2D-8BD8-D13A-D5506169CC74}.Release|Any CPU.Build.0 = Release|Any CPU
		{AC1CE497-5526-E516-8A5D-6790DA6BB368}.Debug|Any CPU.ActiveCfg = Debug|Any CPU
		{AC1CE497-5526-E516-8A5D-6790DA6BB368}.Debug|Any CPU.Build.0 = Debug|Any CPU
		{AC1CE497-5526-E516-8A5D-6790DA6BB368}.Release|Any CPU.ActiveCfg = Release|Any CPU
		{AC1CE497-5526-E516-8A5D-6790DA6BB368}.Release|Any CPU.Build.0 = Release|Any CPU
		{B3E23332-B6FC-99E1-E2CA-82D7519C7D6C}.Debug|Any CPU.ActiveCfg = Debug|Any CPU
		{B3E23332-B6FC-99E1-E2CA-82D7519C7D6C}.Debug|Any CPU.Build.0 = Debug|Any CPU
		{B3E23332-B6FC-99E1-E2CA-82D7519C7D6C}.Release|Any CPU.ActiveCfg = Release|Any CPU
		{B3E23332-B6FC-99E1-E2CA-82D7519C7D6C}.Release|Any CPU.Build.0 = Release|Any CPU
	EndGlobalSection
	GlobalSection(SolutionProperties) = preSolution
		HideSolutionNode = FALSE
	EndGlobalSection
	GlobalSection(MonoDevelopProperties) = preSolution
		StartupItem = Assembly-CSharp.csproj
	EndGlobalSection
EndGlobal
